
Microsoft Visual Studio Solution File, Format Version 12.00
# Visual Studio Version 17
VisualStudioVersion = 17.3.32811.315
MinimumVisualStudioVersion = 10.0.40219.1
Project("{FAE04EC0-301F-11D3-BF4B-00C04F79EFBC}") = "Efektywnosc_algorytmow-eksperyment", "Efektywnosc_algorytmow-eksperyment\Efektywnosc_algorytmow-eksperyment.csproj", "{8DAF8DBE-9A95-438A-B83A-FAA45E171F43}"
EndProject
Global
	GlobalSection(SolutionConfigurationPlatforms) = preSolution
		Debug|Any CPU = Debug|Any CPU
		Release|Any CPU = Release|Any CPU
	EndGlobalSection
	GlobalSection(ProjectConfigurationPlatforms) = postSolution
		{8DAF8DBE-9A95-438A-B83A-FAA45E171F43}.Debug|Any CPU.ActiveCfg = Debug|Any CPU
		{8DAF8DBE-9A95-438A-B83A-FAA45E171F43}.Debug|Any CPU.Build.0 = Debug|Any CPU
		{8DAF8DBE-9A95-438A-B83A-FAA45E171F43}.Release|Any CPU.ActiveCfg = Release|Any CPU
		{8DAF8DBE-9A95-438A-B83A-FAA45E171F43}.Release|Any CPU.Build.0 = Release|Any CPU
	EndGlobalSection
	GlobalSection(SolutionProperties) = preSolution
		HideSolutionNode = FALSE
	EndGlobalSection
	GlobalSection(ExtensibilityGlobals) = postSolution
		SolutionGuid = {8AEFF10D-4804-44C7-B68F-1FED33FED842}
	EndGlobalSection
EndGlobal
