
Microsoft Visual Studio Solution File, Format Version 12.00
# Visual Studio Version 17
VisualStudioVersion = 17.3.32811.315
MinimumVisualStudioVersion = 10.0.40219.1
Project("{FAE04EC0-301F-11D3-BF4B-00C04F79EFBC}") = "INOUTEST-Enormous_Input_and_Output_Test", "INOUTEST-Enormous_Input_and_Output_Test\INOUTEST-Enormous_Input_and_Output_Test.csproj", "{49793888-C6D3-4A66-A9BF-0A5459D61738}"
EndProject
Global
	GlobalSection(SolutionConfigurationPlatforms) = preSolution
		Debug|Any CPU = Debug|Any CPU
		Release|Any CPU = Release|Any CPU
	EndGlobalSection
	GlobalSection(ProjectConfigurationPlatforms) = postSolution
		{49793888-C6D3-4A66-A9BF-0A5459D61738}.Debug|Any CPU.ActiveCfg = Debug|Any CPU
		{49793888-C6D3-4A66-A9BF-0A5459D61738}.Debug|Any CPU.Build.0 = Debug|Any CPU
		{49793888-C6D3-4A66-A9BF-0A5459D61738}.Release|Any CPU.ActiveCfg = Release|Any CPU
		{49793888-C6D3-4A66-A9BF-0A5459D61738}.Release|Any CPU.Build.0 = Release|Any CPU
	EndGlobalSection
	GlobalSection(SolutionProperties) = preSolution
		HideSolutionNode = FALSE
	EndGlobalSection
	GlobalSection(ExtensibilityGlobals) = postSolution
		SolutionGuid = {99C2EF02-1462-48AD-800B-8AE30C87CB82}
	EndGlobalSection
EndGlobal
