
Microsoft Visual Studio Solution File, Format Version 12.00
# Visual Studio Version 17
VisualStudioVersion = 17.3.32811.315
MinimumVisualStudioVersion = 10.0.40219.1
Project("{FAE04EC0-301F-11D3-BF4B-00C04F79EFBC}") = "CodeRunner", "CodeRunner\CodeRunner.csproj", "{16DBAC9E-60B2-465B-8EBF-BEEBC7111F5B}"
EndProject
Global
	GlobalSection(SolutionConfigurationPlatforms) = preSolution
		Debug|Any CPU = Debug|Any CPU
		Release|Any CPU = Release|Any CPU
	EndGlobalSection
	GlobalSection(ProjectConfigurationPlatforms) = postSolution
		{16DBAC9E-60B2-465B-8EBF-BEEBC7111F5B}.Debug|Any CPU.ActiveCfg = Debug|Any CPU
		{16DBAC9E-60B2-465B-8EBF-BEEBC7111F5B}.Debug|Any CPU.Build.0 = Debug|Any CPU
		{16DBAC9E-60B2-465B-8EBF-BEEBC7111F5B}.Release|Any CPU.ActiveCfg = Release|Any CPU
		{16DBAC9E-60B2-465B-8EBF-BEEBC7111F5B}.Release|Any CPU.Build.0 = Release|Any CPU
	EndGlobalSection
	GlobalSection(SolutionProperties) = preSolution
		HideSolutionNode = FALSE
	EndGlobalSection
	GlobalSection(ExtensibilityGlobals) = postSolution
		SolutionGuid = {B69D78AD-DE77-4AE9-B17B-6126C550380D}
	EndGlobalSection
EndGlobal
